// !$*UTF8*$!
{
	archiveVersion = 1;
	classes = {
	};
	objectVersion = 55;
	objects = {

/* Begin PBXBuildFile section */
		6D679A7E2759471D002FF519 /* AppDelegate.swift in Sources */ = {isa = PBXBuildFile; fileRef = 6D679A7D2759471D002FF519 /* AppDelegate.swift */; };
		6D679A802759471D002FF519 /* ViewController.swift in Sources */ = {isa = PBXBuildFile; fileRef = 6D679A7F2759471D002FF519 /* ViewController.swift */; };
		6D679A822759471F002FF519 /* Assets.xcassets in Resources */ = {isa = PBXBuildFile; fileRef = 6D679A812759471F002FF519 /* Assets.xcassets */; };
		6D679A852759471F002FF519 /* Main.storyboard in Resources */ = {isa = PBXBuildFile; fileRef = 6D679A832759471F002FF519 /* Main.storyboard */; };
		6D679A902759471F002FF519 /* zxcTests.swift in Sources */ = {isa = PBXBuildFile; fileRef = 6D679A8F2759471F002FF519 /* zxcTests.swift */; };
		6D679A9A2759471F002FF519 /* zxcUITests.swift in Sources */ = {isa = PBXBuildFile; fileRef = 6D679A992759471F002FF519 /* zxcUITests.swift */; };
		6D679A9C2759471F002FF519 /* zxcUITestsLaunchTests.swift in Sources */ = {isa = PBXBuildFile; fileRef = 6D679A9B2759471F002FF519 /* zxcUITestsLaunchTests.swift */; };
/* End PBXBuildFile section */

/* Begin PBXContainerItemProxy section */
		6D679A8C2759471F002FF519 /* PBXContainerItemProxy */ = {
			isa = PBXContainerItemProxy;
			containerPortal = 6D679A722759471D002FF519 /* Project object */;
			proxyType = 1;
			remoteGlobalIDString = 6D679A792759471D002FF519;
			remoteInfo = zxc;
		};
		6D679A962759471F002FF519 /* PBXContainerItemProxy */ = {
			isa = PBXContainerItemProxy;
			containerPortal = 6D679A722759471D002FF519 /* Project object */;
			proxyType = 1;
			remoteGlobalIDString = 6D679A792759471D002FF519;
			remoteInfo = zxc;
		};
/* End PBXContainerItemProxy section */

/* Begin PBXFileReference section */
		6D679A7A2759471D002FF519 /* zxc.app */ = {isa = PBXFileReference; explicitFileType = wrapper.application; includeInIndex = 0; path = zxc.app; sourceTree = BUILT_PRODUCTS_DIR; };
		6D679A7D2759471D002FF519 /* AppDelegate.swift */ = {isa = PBXFileReference; lastKnownFileType = sourcecode.swift; path = AppDelegate.swift; sourceTree = "<group>"; };
		6D679A7F2759471D002FF519 /* ViewController.swift */ = {isa = PBXFileReference; lastKnownFileType = sourcecode.swift; path = ViewController.swift; sourceTree = "<group>"; };
		6D679A812759471F002FF519 /* Assets.xcassets */ = {isa = PBXFileReference; lastKnownFileType = folder.assetcatalog; path = Assets.xcassets; sourceTree = "<group>"; };
		6D679A842759471F002FF519 /* Base */ = {isa = PBXFileReference; lastKnownFileType = file.storyboard; name = Base; path = Base.lproj/Main.storyboard; sourceTree = "<group>"; };
		6D679A862759471F002FF519 /* zxc.entitlements */ = {isa = PBXFileReference; lastKnownFileType = text.plist.entitlements; path = zxc.entitlements; sourceTree = "<group>"; };
		6D679A8B2759471F002FF519 /* zxcTests.xctest */ = {isa = PBXFileReference; explicitFileType = wrapper.cfbundle; includeInIndex = 0; path = zxcTests.xctest; sourceTree = BUILT_PRODUCTS_DIR; };
		6D679A8F2759471F002FF519 /* zxcTests.swift */ = {isa = PBXFileReference; lastKnownFileType = sourcecode.swift; path = zxcTests.swift; sourceTree = "<group>"; };
		6D679A952759471F002FF519 /* zxcUITests.xctest */ = {isa = PBXFileReference; explicitFileType = wrapper.cfbundle; includeInIndex = 0; path = zxcUITests.xctest; sourceTree = BUILT_PRODUCTS_DIR; };
		6D679A992759471F002FF519 /* zxcUITests.swift */ = {isa = PBXFileReference; lastKnownFileType = sourcecode.swift; path = zxcUITests.swift; sourceTree = "<group>"; };
		6D679A9B2759471F002FF519 /* zxcUITestsLaunchTests.swift */ = {isa = PBXFileReference; lastKnownFileType = sourcecode.swift; path = zxcUITestsLaunchTests.swift; sourceTree = "<group>"; };
/* End PBXFileReference section */

/* Begin PBXFrameworksBuildPhase section */
		6D679A772759471D002FF519 /* Frameworks */ = {
			isa = PBXFrameworksBuildPhase;
			buildActionMask = 2147483647;
			files = (
			);
			runOnlyForDeploymentPostprocessing = 0;
		};
		6D679A882759471F002FF519 /* Frameworks */ = {
			isa = PBXFrameworksBuildPhase;
			buildActionMask = 2147483647;
			files = (
			);
			runOnlyForDeploymentPostprocessing = 0;
		};
		6D679A922759471F002FF519 /* Frameworks */ = {
			isa = PBXFrameworksBuildPhase;
			buildActionMask = 2147483647;
			files = (
			);
			runOnlyForDeploymentPostprocessing = 0;
		};
/* End PBXFrameworksBuildPhase section */

/* Begin PBXGroup section */
		6D679A712759471D002FF519 = {
			isa = PBXGroup;
			children = (
				6D679A7C2759471D002FF519 /* zxc */,
				6D679A8E2759471F002FF519 /* zxcTests */,
				6D679A982759471F002FF519 /* zxcUITests */,
				6D679A7B2759471D002FF519 /* Products */,
			);
			sourceTree = "<group>";
		};
		6D679A7B2759471D002FF519 /* Products */ = {
			isa = PBXGroup;
			children = (
				6D679A7A2759471D002FF519 /* zxc.app */,
				6D679A8B2759471F002FF519 /* zxcTests.xctest */,
				6D679A952759471F002FF519 /* zxcUITests.xctest */,
			);
			name = Products;
			sourceTree = "<group>";
		};
		6D679A7C2759471D002FF519 /* zxc */ = {
			isa = PBXGroup;
			children = (
				6D679A7D2759471D002FF519 /* AppDelegate.swift */,
				6D679A7F2759471D002FF519 /* ViewController.swift */,
				6D679A812759471F002FF519 /* Assets.xcassets */,
				6D679A832759471F002FF519 /* Main.storyboard */,
				6D679A862759471F002FF519 /* zxc.entitlements */,
			);
			path = zxc;
			sourceTree = "<group>";
		};
		6D679A8E2759471F002FF519 /* zxcTests */ = {
			isa = PBXGroup;
			children = (
				6D679A8F2759471F002FF519 /* zxcTests.swift */,
			);
			path = zxcTests;
			sourceTree = "<group>";
		};
		6D679A982759471F002FF519 /* zxcUITests */ = {
			isa = PBXGroup;
			children = (
				6D679A992759471F002FF519 /* zxcUITests.swift */,
				6D679A9B2759471F002FF519 /* zxcUITestsLaunchTests.swift */,
			);
			path = zxcUITests;
			sourceTree = "<group>";
		};
/* End PBXGroup section */

/* Begin PBXNativeTarget section */
		6D679A792759471D002FF519 /* zxc */ = {
			isa = PBXNativeTarget;
			buildConfigurationList = 6D679A9F2759471F002FF519 /* Build configuration list for PBXNativeTarget "zxc" */;
			buildPhases = (
				6D679A762759471D002FF519 /* Sources */,
				6D679A772759471D002FF519 /* Frameworks */,
				6D679A782759471D002FF519 /* Resources */,
			);
			buildRules = (
			);
			dependencies = (
			);
			name = zxc;
			productName = zxc;
			productReference = 6D679A7A2759471D002FF519 /* zxc.app */;
			productType = "com.apple.product-type.application";
		};
		6D679A8A2759471F002FF519 /* zxcTests */ = {
			isa = PBXNativeTarget;
			buildConfigurationList = 6D679AA22759471F002FF519 /* Build configuration list for PBXNativeTarget "zxcTests" */;
			buildPhases = (
				6D679A872759471F002FF519 /* Sources */,
				6D679A882759471F002FF519 /* Frameworks */,
				6D679A892759471F002FF519 /* Resources */,
			);
			buildRules = (
			);
			dependencies = (
				6D679A8D2759471F002FF519 /* PBXTargetDependency */,
			);
			name = zxcTests;
			productName = zxcTests;
			productReference = 6D679A8B2759471F002FF519 /* zxcTests.xctest */;
			productType = "com.apple.product-type.bundle.unit-test";
		};
		6D679A942759471F002FF519 /* zxcUITests */ = {
			isa = PBXNativeTarget;
			buildConfigurationList = 6D679AA52759471F002FF519 /* Build configuration list for PBXNativeTarget "zxcUITests" */;
			buildPhases = (
				6D679A912759471F002FF519 /* Sources */,
				6D679A922759471F002FF519 /* Frameworks */,
				6D679A932759471F002FF519 /* Resources */,
			);
			buildRules = (
			);
			dependencies = (
				6D679A972759471F002FF519 /* PBXTargetDependency */,
			);
			name = zxcUITests;
			productName = zxcUITests;
			productReference = 6D679A952759471F002FF519 /* zxcUITests.xctest */;
			productType = "com.apple.product-type.bundle.ui-testing";
		};
/* End PBXNativeTarget section */

/* Begin PBXProject section */
		6D679A722759471D002FF519 /* Project object */ = {
			isa = PBXProject;
			attributes = {
				BuildIndependentTargetsInParallel = 1;
				LastSwiftUpdateCheck = 1310;
				LastUpgradeCheck = 1310;
				TargetAttributes = {
					6D679A792759471D002FF519 = {
						CreatedOnToolsVersion = 13.1;
					};
					6D679A8A2759471F002FF519 = {
						CreatedOnToolsVersion = 13.1;
						TestTargetID = 6D679A792759471D002FF519;
					};
					6D679A942759471F002FF519 = {
						CreatedOnToolsVersion = 13.1;
						TestTargetID = 6D679A792759471D002FF519;
					};
				};
			};
			buildConfigurationList = 6D679A752759471D002FF519 /* Build configuration list for PBXProject "zxc" */;
			compatibilityVersion = "Xcode 13.0";
			developmentRegion = en;
			hasScannedForEncodings = 0;
			knownRegions = (
				en,
				Base,
			);
			mainGroup = 6D679A712759471D002FF519;
			productRefGroup = 6D679A7B2759471D002FF519 /* Products */;
			projectDirPath = "";
			projectRoot = "";
			targets = (
				6D679A792759471D002FF519 /* zxc */,
				6D679A8A2759471F002FF519 /* zxcTests */,
				6D679A942759471F002FF519 /* zxcUITests */,
			);
		};
/* End PBXProject section */

/* Begin PBXResourcesBuildPhase section */
		6D679A782759471D002FF519 /* Resources */ = {
			isa = PBXResourcesBuildPhase;
			buildActionMask = 2147483647;
			files = (
				6D679A822759471F002FF519 /* Assets.xcassets in Resources */,
				6D679A852759471F002FF519 /* Main.storyboard in Resources */,
			);
			runOnlyForDeploymentPostprocessing = 0;
		};
		6D679A892759471F002FF519 /* Resources */ = {
			isa = PBXResourcesBuildPhase;
			buildActionMask = 2147483647;
			files = (
			);
			runOnlyForDeploymentPostprocessing = 0;
		};
		6D679A932759471F002FF519 /* Resources */ = {
			isa = PBXResourcesBuildPhase;
			buildActionMask = 2147483647;
			files = (
			);
			runOnlyForDeploymentPostprocessing = 0;
		};
/* End PBXResourcesBuildPhase section */

/* Begin PBXSourcesBuildPhase section */
		6D679A762759471D002FF519 /* Sources */ = {
			isa = PBXSourcesBuildPhase;
			buildActionMask = 2147483647;
			files = (
				6D679A802759471D002FF519 /* ViewController.swift in Sources */,
				6D679A7E2759471D002FF519 /* AppDelegate.swift in Sources */,
			);
			runOnlyForDeploymentPostprocessing = 0;
		};
		6D679A872759471F002FF519 /* Sources */ = {
			isa = PBXSourcesBuildPhase;
			buildActionMask = 2147483647;
			files = (
				6D679A902759471F002FF519 /* zxcTests.swift in Sources */,
			);
			runOnlyForDeploymentPostprocessing = 0;
		};
		6D679A912759471F002FF519 /* Sources */ = {
			isa = PBXSourcesBuildPhase;
			buildActionMask = 2147483647;
			files = (
				6D679A9C2759471F002FF519 /* zxcUITestsLaunchTests.swift in Sources */,
				6D679A9A2759471F002FF519 /* zxcUITests.swift in Sources */,
			);
			runOnlyForDeploymentPostprocessing = 0;
		};
/* End PBXSourcesBuildPhase section */

/* Begin PBXTargetDependency section */
		6D679A8D2759471F002FF519 /* PBXTargetDependency */ = {
			isa = PBXTargetDependency;
			target = 6D679A792759471D002FF519 /* zxc */;
			targetProxy = 6D679A8C2759471F002FF519 /* PBXContainerItemProxy */;
		};
		6D679A972759471F002FF519 /* PBXTargetDependency */ = {
			isa = PBXTargetDependency;
			target = 6D679A792759471D002FF519 /* zxc */;
			targetProxy = 6D679A962759471F002FF519 /* PBXContainerItemProxy */;
		};
/* End PBXTargetDependency section */

/* Begin PBXVariantGroup section */
		6D679A832759471F002FF519 /* Main.storyboard */ = {
			isa = PBXVariantGroup;
			children = (
				6D679A842759471F002FF519 /* Base */,
			);
			name = Main.storyboard;
			sourceTree = "<group>";
		};
/* End PBXVariantGroup section */

/* Begin XCBuildConfiguration section */
		6D679A9D2759471F002FF519 /* Debug */ = {
			isa = XCBuildConfiguration;
			buildSettings = {
				ALWAYS_SEARCH_USER_PATHS = NO;
				CLANG_ANALYZER_NONNULL = YES;
				CLANG_ANALYZER_NUMBER_OBJECT_CONVERSION = YES_AGGRESSIVE;
				CLANG_CXX_LANGUAGE_STANDARD = "gnu++17";
				CLANG_CXX_LIBRARY = "libc++";
				CLANG_ENABLE_MODULES = YES;
				CLANG_ENABLE_OBJC_ARC = YES;
				CLANG_ENABLE_OBJC_WEAK = YES;
				CLANG_WARN_BLOCK_CAPTURE_AUTORELEASING = YES;
				CLANG_WARN_BOOL_CONVERSION = YES;
				CLANG_WARN_COMMA = YES;
				CLANG_WARN_CONSTANT_CONVERSION = YES;
				CLANG_WARN_DEPRECATED_OBJC_IMPLEMENTATIONS = YES;
				CLANG_WARN_DIRECT_OBJC_ISA_USAGE = YES_ERROR;
				CLANG_WARN_DOCUMENTATION_COMMENTS = YES;
				CLANG_WARN_EMPTY_BODY = YES;
				CLANG_WARN_ENUM_CONVERSION = YES;
				CLANG_WARN_INFINITE_RECURSION = YES;
				CLANG_WARN_INT_CONVERSION = YES;
				CLANG_WARN_NON_LITERAL_NULL_CONVERSION = YES;
				CLANG_WARN_OBJC_IMPLICIT_RETAIN_SELF = YES;
				CLANG_WARN_OBJC_LITERAL_CONVERSION = YES;
				CLANG_WARN_OBJC_ROOT_CLASS = YES_ERROR;
				CLANG_WARN_QUOTED_INCLUDE_IN_FRAMEWORK_HEADER = YES;
				CLANG_WARN_RANGE_LOOP_ANALYSIS = YES;
				CLANG_WARN_STRICT_PROTOTYPES = YES;
				CLANG_WARN_SUSPICIOUS_MOVE = YES;
				CLANG_WARN_UNGUARDED_AVAILABILITY = YES_AGGRESSIVE;
				CLANG_WARN_UNREACHABLE_CODE = YES;
				CLANG_WARN__DUPLICATE_METHOD_MATCH = YES;
				COPY_PHASE_STRIP = NO;
				DEBUG_INFORMATION_FORMAT = dwarf;
				ENABLE_STRICT_OBJC_MSGSEND = YES;
				ENABLE_TESTABILITY = YES;
				GCC_C_LANGUAGE_STANDARD = gnu11;
				GCC_DYNAMIC_NO_PIC = NO;
				GCC_NO_COMMON_BLOCKS = YES;
				GCC_OPTIMIZATION_LEVEL = 0;
				GCC_PREPROCESSOR_DEFINITIONS = (
					"DEBUG=1",
					"$(inherited)",
				);
				GCC_WARN_64_TO_32_BIT_CONVERSION = YES;
				GCC_WARN_ABOUT_RETURN_TYPE = YES_ERROR;
				GCC_WARN_UNDECLARED_SELECTOR = YES;
				GCC_WARN_UNINITIALIZED_AUTOS = YES_AGGRESSIVE;
				GCC_WARN_UNUSED_FUNCTION = YES;
				GCC_WARN_UNUSED_VARIABLE = YES;
				MACOSX_DEPLOYMENT_TARGET = 11.6;
				MTL_ENABLE_DEBUG_INFO = INCLUDE_SOURCE;
				MTL_FAST_MATH = YES;
				ONLY_ACTIVE_ARCH = YES;
				SDKROOT = macosx;
				SWIFT_ACTIVE_COMPILATION_CONDITIONS = DEBUG;
				SWIFT_OPTIMIZATION_LEVEL = "-Onone";
			};
			name = Debug;
		};
		6D679A9E2759471F002FF519 /* Release */ = {
			isa = XCBuildConfiguration;
			buildSettings = {
				ALWAYS_SEARCH_USER_PATHS = NO;
				CLANG_ANALYZER_NONNULL = YES;
				CLANG_ANALYZER_NUMBER_OBJECT_CONVERSION = YES_AGGRESSIVE;
				CLANG_CXX_LANGUAGE_STANDARD = "gnu++17";
				CLANG_CXX_LIBRARY = "libc++";
				CLANG_ENABLE_MODULES = YES;
				CLANG_ENABLE_OBJC_ARC = YES;
				CLANG_ENABLE_OBJC_WEAK = YES;
				CLANG_WARN_BLOCK_CAPTURE_AUTORELEASING = YES;
				CLANG_WARN_BOOL_CONVERSION = YES;
				CLANG_WARN_COMMA = YES;
				CLANG_WARN_CONSTANT_CONVERSION = YES;
				CLANG_WARN_DEPRECATED_OBJC_IMPLEMENTATIONS = YES;
				CLANG_WARN_DIRECT_OBJC_ISA_USAGE = YES_ERROR;
				CLANG_WARN_DOCUMENTATION_COMMENTS = YES;
				CLANG_WARN_EMPTY_BODY = YES;
				CLANG_WARN_ENUM_CONVERSION = YES;
				CLANG_WARN_INFINITE_RECURSION = YES;
				CLANG_WARN_INT_CONVERSION = YES;
				CLANG_WARN_NON_LITERAL_NULL_CONVERSION = YES;
				CLANG_WARN_OBJC_IMPLICIT_RETAIN_SELF = YES;
				CLANG_WARN_OBJC_LITERAL_CONVERSION = YES;
				CLANG_WARN_OBJC_ROOT_CLASS = YES_ERROR;
				CLANG_WARN_QUOTED_INCLUDE_IN_FRAMEWORK_HEADER = YES;
				CLANG_WARN_RANGE_LOOP_ANALYSIS = YES;
				CLANG_WARN_STRICT_PROTOTYPES = YES;
				CLANG_WARN_SUSPICIOUS_MOVE = YES;
				CLANG_WARN_UNGUARDED_AVAILABILITY = YES_AGGRESSIVE;
				CLANG_WARN_UNREACHABLE_CODE = YES;
				CLANG_WARN__DUPLICATE_METHOD_MATCH = YES;
				COPY_PHASE_STRIP = NO;
				DEBUG_INFORMATION_FORMAT = "dwarf-with-dsym";
				ENABLE_NS_ASSERTIONS = NO;
				ENABLE_STRICT_OBJC_MSGSEND = YES;
				GCC_C_LANGUAGE_STANDARD = gnu11;
				GCC_NO_COMMON_BLOCKS = YES;
				GCC_WARN_64_TO_32_BIT_CONVERSION = YES;
				GCC_WARN_ABOUT_RETURN_TYPE = YES_ERROR;
				GCC_WARN_UNDECLARED_SELECTOR = YES;
				GCC_WARN_UNINITIALIZED_AUTOS = YES_AGGRESSIVE;
				GCC_WARN_UNUSED_FUNCTION = YES;
				GCC_WARN_UNUSED_VARIABLE = YES;
				MACOSX_DEPLOYMENT_TARGET = 11.6;
				MTL_ENABLE_DEBUG_INFO = NO;
				MTL_FAST_MATH = YES;
				SDKROOT = macosx;
				SWIFT_COMPILATION_MODE = wholemodule;
				SWIFT_OPTIMIZATION_LEVEL = "-O";
			};
			name = Release;
		};
		6D679AA02759471F002FF519 /* Debug */ = {
			isa = XCBuildConfiguration;
			buildSettings = {
				ASSETCATALOG_COMPILER_APPICON_NAME = AppIcon;
				ASSETCATALOG_COMPILER_GLOBAL_ACCENT_COLOR_NAME = AccentColor;
				CODE_SIGN_ENTITLEMENTS = zxc/zxc.entitlements;
				CODE_SIGN_STYLE = Automatic;
				COMBINE_HIDPI_IMAGES = YES;
				CURRENT_PROJECT_VERSION = 1;
				DEVELOPMENT_TEAM = 9AC9DQSH5M;
				ENABLE_HARDENED_RUNTIME = YES;
				GENERATE_INFOPLIST_FILE = YES;
				INFOPLIST_KEY_NSHumanReadableCopyright = "";
				INFOPLIST_KEY_NSMainStoryboardFile = Main;
				INFOPLIST_KEY_NSPrincipalClass = NSApplication;
				LD_RUNPATH_SEARCH_PATHS = (
					"$(inherited)",
					"@executable_path/../Frameworks",
				);
				MARKETING_VERSION = 1.0;
				PRODUCT_BUNDLE_IDENTIFIER = "abi-abi.zxc";
				PRODUCT_NAME = "$(TARGET_NAME)";
				SWIFT_EMIT_LOC_STRINGS = YES;
				SWIFT_VERSION = 5.0;
			};
			name = Debug;
		};
		6D679AA12759471F002FF519 /* Release */ = {
			isa = XCBuildConfiguration;
			buildSettings = {
				ASSETCATALOG_COMPILER_APPICON_NAME = AppIcon;
				ASSETCATALOG_COMPILER_GLOBAL_ACCENT_COLOR_NAME = AccentColor;
				CODE_SIGN_ENTITLEMENTS = zxc/zxc.entitlements;
				CODE_SIGN_STYLE = Automatic;
				COMBINE_HIDPI_IMAGES = YES;
				CURRENT_PROJECT_VERSION = 1;
				DEVELOPMENT_TEAM = 9AC9DQSH5M;
				ENABLE_HARDENED_RUNTIME = YES;
				GENERATE_INFOPLIST_FILE = YES;
				INFOPLIST_KEY_NSHumanReadableCopyright = "";
				INFOPLIST_KEY_NSMainStoryboardFile = Main;
				INFOPLIST_KEY_NSPrincipalClass = NSApplication;
				LD_RUNPATH_SEARCH_PATHS = (
					"$(inherited)",
					"@executable_path/../Frameworks",
				);
				MARKETING_VERSION = 1.0;
				PRODUCT_BUNDLE_IDENTIFIER = "abi-abi.zxc";
				PRODUCT_NAME = "$(TARGET_NAME)";
				SWIFT_EMIT_LOC_STRINGS = YES;
				SWIFT_VERSION = 5.0;
			};
			name = Release;
		};
		6D679AA32759471F002FF519 /* Debug */ = {
			isa = XCBuildConfiguration;
			buildSettings = {
				ALWAYS_EMBED_SWIFT_STANDARD_LIBRARIES = YES;
				BUNDLE_LOADER = "$(TEST_HOST)";
				CODE_SIGN_STYLE = Automatic;
				COMBINE_HIDPI_IMAGES = YES;
				CURRENT_PROJECT_VERSION = 1;
				DEVELOPMENT_TEAM = 9AC9DQSH5M;
				GENERATE_INFOPLIST_FILE = YES;
				LD_RUNPATH_SEARCH_PATHS = (
					"$(inherited)",
					"@executable_path/../Frameworks",
					"@loader_path/../Frameworks",
				);
				MACOSX_DEPLOYMENT_TARGET = 11.6;
				MARKETING_VERSION = 1.0;
				PRODUCT_BUNDLE_IDENTIFIER = "abi-abi.zxcTests";
				PRODUCT_NAME = "$(TARGET_NAME)";
				SWIFT_EMIT_LOC_STRINGS = NO;
				SWIFT_VERSION = 5.0;
				TEST_HOST = "$(BUILT_PRODUCTS_DIR)/zxc.app/Contents/MacOS/zxc";
			};
			name = Debug;
		};
		6D679AA42759471F002FF519 /* Release */ = {
			isa = XCBuildConfiguration;
			buildSettings = {
				ALWAYS_EMBED_SWIFT_STANDARD_LIBRARIES = YES;
				BUNDLE_LOADER = "$(TEST_HOST)";
				CODE_SIGN_STYLE = Automatic;
				COMBINE_HIDPI_IMAGES = YES;
				CURRENT_PROJECT_VERSION = 1;
				DEVELOPMENT_TEAM = 9AC9DQSH5M;
				GENERATE_INFOPLIST_FILE = YES;
				LD_RUNPATH_SEARCH_PATHS = (
					"$(inherited)",
					"@executable_path/../Frameworks",
					"@loader_path/../Frameworks",
				);
				MACOSX_DEPLOYMENT_TARGET = 11.6;
				MARKETING_VERSION = 1.0;
				PRODUCT_BUNDLE_IDENTIFIER = "abi-abi.zxcTests";
				PRODUCT_NAME = "$(TARGET_NAME)";
				SWIFT_EMIT_LOC_STRINGS = NO;
				SWIFT_VERSION = 5.0;
				TEST_HOST = "$(BUILT_PRODUCTS_DIR)/zxc.app/Contents/MacOS/zxc";
			};
			name = Release;
		};
		6D679AA62759471F002FF519 /* Debug */ = {
			isa = XCBuildConfiguration;
			buildSettings = {
				ALWAYS_EMBED_SWIFT_STANDARD_LIBRARIES = YES;
				CODE_SIGN_STYLE = Automatic;
				COMBINE_HIDPI_IMAGES = YES;
				CURRENT_PROJECT_VERSION = 1;
				DEVELOPMENT_TEAM = 9AC9DQSH5M;
				GENERATE_INFOPLIST_FILE = YES;
				LD_RUNPATH_SEARCH_PATHS = (
					"$(inherited)",
					"@executable_path/../Frameworks",
					"@loader_path/../Frameworks",
				);
				MARKETING_VERSION = 1.0;
				PRODUCT_BUNDLE_IDENTIFIER = "abi-abi.zxcUITests";
				PRODUCT_NAME = "$(TARGET_NAME)";
				SWIFT_EMIT_LOC_STRINGS = NO;
				SWIFT_VERSION = 5.0;
				TEST_TARGET_NAME = zxc;
			};
			name = Debug;
		};
		6D679AA72759471F002FF519 /* Release */ = {
			isa = XCBuildConfiguration;
			buildSettings = {
				ALWAYS_EMBED_SWIFT_STANDARD_LIBRARIES = YES;
				CODE_SIGN_STYLE = Automatic;
				COMBINE_HIDPI_IMAGES = YES;
				CURRENT_PROJECT_VERSION = 1;
				DEVELOPMENT_TEAM = 9AC9DQSH5M;
				GENERATE_INFOPLIST_FILE = YES;
				LD_RUNPATH_SEARCH_PATHS = (
					"$(inherited)",
					"@executable_path/../Frameworks",
					"@loader_path/../Frameworks",
				);
				MARKETING_VERSION = 1.0;
				PRODUCT_BUNDLE_IDENTIFIER = "abi-abi.zxcUITests";
				PRODUCT_NAME = "$(TARGET_NAME)";
				SWIFT_EMIT_LOC_STRINGS = NO;
				SWIFT_VERSION = 5.0;
				TEST_TARGET_NAME = zxc;
			};
			name = Release;
		};
/* End XCBuildConfiguration section */

/* Begin XCConfigurationList section */
		6D679A752759471D002FF519 /* Build configuration list for PBXProject "zxc" */ = {
			isa = XCConfigurationList;
			buildConfigurations = (
				6D679A9D2759471F002FF519 /* Debug */,
				6D679A9E2759471F002FF519 /* Release */,
			);
			defaultConfigurationIsVisible = 0;
			defaultConfigurationName = Release;
		};
		6D679A9F2759471F002FF519 /* Build configuration list for PBXNativeTarget "zxc" */ = {
			isa = XCConfigurationList;
			buildConfigurations = (
				6D679AA02759471F002FF519 /* Debug */,
				6D679AA12759471F002FF519 /* Release */,
			);
			defaultConfigurationIsVisible = 0;
			defaultConfigurationName = Release;
		};
		6D679AA22759471F002FF519 /* Build configuration list for PBXNativeTarget "zxcTests" */ = {
			isa = XCConfigurationList;
			buildConfigurations = (
				6D679AA32759471F002FF519 /* Debug */,
				6D679AA42759471F002FF519 /* Release */,
			);
			defaultConfigurationIsVisible = 0;
			defaultConfigurationName = Release;
		};
		6D679AA52759471F002FF519 /* Build configuration list for PBXNativeTarget "zxcUITests" */ = {
			isa = XCConfigurationList;
			buildConfigurations = (
				6D679AA62759471F002FF519 /* Debug */,
				6D679AA72759471F002FF519 /* Release */,
			);
			defaultConfigurationIsVisible = 0;
			defaultConfigurationName = Release;
		};
/* End XCConfigurationList section */
	};
	rootObject = 6D679A722759471D002FF519 /* Project object */;
}
